
Microsoft Visual Studio Solution File, Format Version 12.00
# Visual Studio 15
VisualStudioVersion = 15.0.28307.539
MinimumVisualStudioVersion = 10.0.40219.1
Project("{8BC9CEB8-8B4A-11D0-8D11-00A0C91BC942}") = "Cstudy_chapter06", "Cstudy_chapter06.vcxproj", "{62294D10-D7DF-40FB-913A-B5A25D04D8DE}"
EndProject
Global
	GlobalSection(SolutionConfigurationPlatforms) = preSolution
		Debug|x64 = Debug|x64
		Debug|x86 = Debug|x86
		Release|x64 = Release|x64
		Release|x86 = Release|x86
	EndGlobalSection
	GlobalSection(ProjectConfigurationPlatforms) = postSolution
		{62294D10-D7DF-40FB-913A-B5A25D04D8DE}.Debug|x64.ActiveCfg = Debug|x64
		{62294D10-D7DF-40FB-913A-B5A25D04D8DE}.Debug|x64.Build.0 = Debug|x64
		{62294D10-D7DF-40FB-913A-B5A25D04D8DE}.Debug|x86.ActiveCfg = Debug|Win32
		{62294D10-D7DF-40FB-913A-B5A25D04D8DE}.Debug|x86.Build.0 = Debug|Win32
		{62294D10-D7DF-40FB-913A-B5A25D04D8DE}.Release|x64.ActiveCfg = Release|x64
		{62294D10-D7DF-40FB-913A-B5A25D04D8DE}.Release|x64.Build.0 = Release|x64
		{62294D10-D7DF-40FB-913A-B5A25D04D8DE}.Release|x86.ActiveCfg = Release|Win32
		{62294D10-D7DF-40FB-913A-B5A25D04D8DE}.Release|x86.Build.0 = Release|Win32
	EndGlobalSection
	GlobalSection(SolutionProperties) = preSolution
		HideSolutionNode = FALSE
	EndGlobalSection
	GlobalSection(ExtensibilityGlobals) = postSolution
		SolutionGuid = {EAD0A245-82C1-40A7-93B3-D068DB6851DB}
	EndGlobalSection
EndGlobal
